
Microsoft Visual Studio Solution File, Format Version 12.00
# Visual Studio 15
VisualStudioVersion = 15.0.28307.329
MinimumVisualStudioVersion = 10.0.40219.1
Project("{FAE04EC0-301F-11D3-BF4B-00C04F79EFBC}") = "Mini-Max Sum", "Mini-Max Sum\Mini-Max Sum.csproj", "{540AF05C-BADD-41C4-884D-2A23029A81EB}"
EndProject
Global
	GlobalSection(SolutionConfigurationPlatforms) = preSolution
		Debug|Any CPU = Debug|Any CPU
		Release|Any CPU = Release|Any CPU
	EndGlobalSection
	GlobalSection(ProjectConfigurationPlatforms) = postSolution
		{540AF05C-BADD-41C4-884D-2A23029A81EB}.Debug|Any CPU.ActiveCfg = Debug|Any CPU
		{540AF05C-BADD-41C4-884D-2A23029A81EB}.Debug|Any CPU.Build.0 = Debug|Any CPU
		{540AF05C-BADD-41C4-884D-2A23029A81EB}.Release|Any CPU.ActiveCfg = Release|Any CPU
		{540AF05C-BADD-41C4-884D-2A23029A81EB}.Release|Any CPU.Build.0 = Release|Any CPU
	EndGlobalSection
	GlobalSection(SolutionProperties) = preSolution
		HideSolutionNode = FALSE
	EndGlobalSection
	GlobalSection(ExtensibilityGlobals) = postSolution
		SolutionGuid = {36926A6B-1B12-4035-A369-8FDBA375788C}
	EndGlobalSection
EndGlobal
